{
  "projects": [
    {
      "projectId": "58GpZjZCWTaJ8AUhpCwt2K",
      "version": "3.25.0",
      "dependencies": {},
      "lang": "ts",
      "fileLocks": [
        {
          "assetId": "58GpZjZCWTaJ8AUhpCwt2K",
          "type": "projectCss",
          "checksum": "fd84921cc10936e6ceb458c2ae01c4bd"
        }
      ],
      "codegenVersion": "0.0.1"
    },
    {
      "projectId": "7nJ7UcFmq9UzB6eXfC5z4a",
      "version": "0.28.0",
      "dependencies": {},
      "lang": "ts",
      "fileLocks": [
        {
          "assetId": "7nJ7UcFmq9UzB6eXfC5z4a",
          "type": "projectCss",
          "checksum": "05587b57f22f0ec8bb54543deb39762e"
        }
      ],
      "codegenVersion": "0.0.1"
    },
    {
      "projectId": "nicJ5qAj2mfB7kw9ki9ozt",
      "version": "latest",
      "dependencies": {
        "7nJ7UcFmq9UzB6eXfC5z4a": "0.28.0",
        "58GpZjZCWTaJ8AUhpCwt2K": "3.25.0"
      },
      "lang": "ts",
      "fileLocks": [
        {
          "type": "globalVariant",
          "assetId": "I9DWlh87YbLL",
          "checksum": "120f9505a781c079575976209f2c2905"
        },
        {
          "assetId": "nicJ5qAj2mfB7kw9ki9ozt",
          "type": "projectCss",
          "checksum": "64def7e4c4ad29c81a2e929eb5210087"
        },
        {
          "type": "renderModule",
          "assetId": "VU_RGhy3ie-p",
          "checksum": "980a2616bc1bf05502f8ad1dd097d4ad"
        },
        {
          "type": "cssRules",
          "assetId": "VU_RGhy3ie-p",
          "checksum": "980a2616bc1bf05502f8ad1dd097d4ad"
        },
        {
          "type": "renderModule",
          "assetId": "gi4O1E4oPa5S",
          "checksum": "95bfe38724d75bd934539450395b68af"
        },
        {
          "type": "cssRules",
          "assetId": "gi4O1E4oPa5S",
          "checksum": "95bfe38724d75bd934539450395b68af"
        },
        {
          "type": "renderModule",
          "assetId": "JrncE6JdYDKf",
          "checksum": "4a9ac91eb5b62e48b2b23b9a3f394be2"
        },
        {
          "type": "cssRules",
          "assetId": "JrncE6JdYDKf",
          "checksum": "4a9ac91eb5b62e48b2b23b9a3f394be2"
        },
        {
          "type": "renderModule",
          "assetId": "0rQoUEvCTrKP",
          "checksum": "5eafa9176f6bcd4b2a0485ffaf665110"
        },
        {
          "type": "cssRules",
          "assetId": "0rQoUEvCTrKP",
          "checksum": "5eafa9176f6bcd4b2a0485ffaf665110"
        },
        {
          "type": "renderModule",
          "assetId": "O4JY_egNTCoo",
          "checksum": "ba0ba81f11b44b0d6b2c5aad6accbefc"
        },
        {
          "type": "cssRules",
          "assetId": "O4JY_egNTCoo",
          "checksum": "ba0ba81f11b44b0d6b2c5aad6accbefc"
        },
        {
          "type": "renderModule",
          "assetId": "E4QyJ-ku5FZZ",
          "checksum": "8e9afbd804706ac136501f94259f9d0b"
        },
        {
          "type": "cssRules",
          "assetId": "E4QyJ-ku5FZZ",
          "checksum": "8e9afbd804706ac136501f94259f9d0b"
        },
        {
          "type": "renderModule",
          "assetId": "LISFaI3BvO-Q",
          "checksum": "209a8dfd7c004cbab0ff47c6c6c47dca"
        },
        {
          "type": "cssRules",
          "assetId": "LISFaI3BvO-Q",
          "checksum": "209a8dfd7c004cbab0ff47c6c6c47dca"
        },
        {
          "type": "renderModule",
          "assetId": "puRdkqAH60H7",
          "checksum": "1da0e8876327fc8ebd42cf147bc20138"
        },
        {
          "type": "cssRules",
          "assetId": "puRdkqAH60H7",
          "checksum": "1da0e8876327fc8ebd42cf147bc20138"
        },
        {
          "type": "renderModule",
          "assetId": "03-sf0AZhQrA",
          "checksum": "de3bff97e603024c0277b7dbde12f909"
        },
        {
          "type": "cssRules",
          "assetId": "03-sf0AZhQrA",
          "checksum": "de3bff97e603024c0277b7dbde12f909"
        },
        {
          "type": "renderModule",
          "assetId": "INXMYW_Y2PUg",
          "checksum": "7f915e23a934ebcfb32ee3967d36bf71"
        },
        {
          "type": "cssRules",
          "assetId": "INXMYW_Y2PUg",
          "checksum": "7f915e23a934ebcfb32ee3967d36bf71"
        },
        {
          "type": "icon",
          "assetId": "nbcCKNjZ8t5r",
          "checksum": "3f689dff38908fd4a5344933d7788abb"
        },
        {
          "type": "icon",
          "assetId": "Sb3Xeweomrua",
          "checksum": "cf908e32c58f85ccc682862ac5ec99c0"
        },
        {
          "type": "icon",
          "assetId": "QSdv7f3_RkYk",
          "checksum": "384d6a7c9a86ba91d97238fd96886abc"
        },
        {
          "type": "icon",
          "assetId": "joO1zmqBoqUp",
          "checksum": "ee0a60ff3d3d5f3cbe1282132f5bb2c6"
        },
        {
          "type": "icon",
          "assetId": "HYJpFIsNdNRz",
          "checksum": "d1afccef7a98ab89c018f1473078e1cf"
        },
        {
          "type": "icon",
          "assetId": "Zhe1gAnXznpo",
          "checksum": "533b27fbb79accd7d635480b1e2cba76"
        },
        {
          "type": "icon",
          "assetId": "TUXafR7V8wPj",
          "checksum": "c42de9ffee9c14184d880195e90e2e13"
        },
        {
          "type": "icon",
          "assetId": "uFJ_uz7TaD2X",
          "checksum": "68476154c4503198bd502ea678b1bbef"
        },
        {
          "type": "icon",
          "assetId": "D-ml9MqLOd5v",
          "checksum": "3e48e18b89e5a89546af29e0138da4bf"
        },
        {
          "type": "icon",
          "assetId": "laCUdsJzz2oa",
          "checksum": "d4ab600c631a98b2b8ce515cb7f9df25"
        },
        {
          "type": "image",
          "assetId": "uJpMGQeGDkpo",
          "checksum": "0a480465b0293f2c6396eb0559aedab6"
        },
        {
          "type": "image",
          "assetId": "pUdqyEkvl5zT",
          "checksum": "36703f0a89518a4684e15bff69be86da"
        },
        {
          "type": "image",
          "assetId": "wtT_oBJpTYCE",
          "checksum": "24d4418f2cc9273ef1f8b586774d5bd3"
        },
        {
          "type": "image",
          "assetId": "FlRcRxXnS0KN",
          "checksum": "d813107f230296f06becaccecd6af7f7"
        },
        {
          "type": "image",
          "assetId": "N6_a-08wBo5g",
          "checksum": "1e748c5ce2182a47639329fb910fefa4"
        },
        {
          "type": "image",
          "assetId": "h5y6mZbzql98",
          "checksum": "60220828c3749818a224775303be9ccc"
        },
        {
          "type": "image",
          "assetId": "btSqq7sSh3sd",
          "checksum": "c52f9525a3feb2775ff5ef76ea22232d"
        },
        {
          "type": "image",
          "assetId": "ODYsL2fKYwY7",
          "checksum": "7104a4dcab08ea3835e9d6beb9ff2891"
        },
        {
          "type": "image",
          "assetId": "QSVXUJmCriIj",
          "checksum": "e7d772eb493a5f44284ff6bf2843705b"
        },
        {
          "type": "image",
          "assetId": "Sj5id2W-pdA2",
          "checksum": "d990221306c8dcf8277bf8d45a8be168"
        },
        {
          "type": "image",
          "assetId": "thxJ-RYPDeMo",
          "checksum": "b89729085ebe71ef0863b53a58ec8808"
        },
        {
          "type": "image",
          "assetId": "mCMNPRdvE3jm",
          "checksum": "7ddd5099f40a3c73ec5090c194a4631f"
        },
        {
          "type": "image",
          "assetId": "U-vUOHwNKh_M",
          "checksum": "cc89683d2d9edaf686c89a3b1cc68d5d"
        },
        {
          "type": "image",
          "assetId": "VIOwwTrxBDoO",
          "checksum": "f864cb7f02a4ea93bb3cffca8afb1e50"
        },
        {
          "type": "image",
          "assetId": "QIfZ7iP2ofUn",
          "checksum": "a20e1c66a1e2685b87c5a1e89048bc22"
        },
        {
          "type": "image",
          "assetId": "zGhzIIxgDEvl",
          "checksum": "417c90ce1eb448bdd3d89b14cb042a83"
        },
        {
          "type": "image",
          "assetId": "S8huL0eUAcIQ",
          "checksum": "c6a45b4087a651c0b2581e516f5278c5"
        },
        {
          "type": "image",
          "assetId": "t3sS41NgnpuT",
          "checksum": "febe17015f52c2a13049a76a221ff466"
        },
        {
          "type": "image",
          "assetId": "KZLVM_uKeC8A",
          "checksum": "7d9412420f929957ddcf8934e48f5b9a"
        },
        {
          "type": "image",
          "assetId": "emSQKxqlP3XS",
          "checksum": "017cc5813f63330365f87861d2cedae3"
        },
        {
          "type": "image",
          "assetId": "5JCuVCV4xir0",
          "checksum": "0761208d34fd1561732dc7745fb2630f"
        },
        {
          "type": "image",
          "assetId": "0A7fI4N89m4C",
          "checksum": "9ac16a680c2fc5d2810ecc3a2eeb5756"
        },
        {
          "type": "image",
          "assetId": "F8Vi-_s11Gzm",
          "checksum": "0bc41af7c644128a3b4e1ec97f501bf9"
        },
        {
          "type": "image",
          "assetId": "nta_sPTyHfgt",
          "checksum": "441c88a9d635836f3025016e510fca0d"
        },
        {
          "type": "image",
          "assetId": "B8flhzUYYWRf",
          "checksum": "ba8ab930a37288a806504bcda56cf077"
        },
        {
          "type": "image",
          "assetId": "bXKVtrLrOh0m",
          "checksum": "49b59593478a1532569566c1c49a6466"
        },
        {
          "type": "image",
          "assetId": "OpRRbgAuB_Zt",
          "checksum": "1d5d1cb6c6bc1afa6842f2cc140956b4"
        },
        {
          "type": "image",
          "assetId": "C5cUyx0JmqFh",
          "checksum": "0a4ac87a0eb4826cf9a0ab3d8f16af69"
        },
        {
          "type": "image",
          "assetId": "f3HIsocj0ePw",
          "checksum": "c26872225cbf7230e1094fbcdc6aef84"
        },
        {
          "type": "image",
          "assetId": "t-BN_LxuF2xS",
          "checksum": "d0bd1f0e5a34f51319b81bae683adb2e"
        },
        {
          "type": "image",
          "assetId": "ndnJQjE9IuE_",
          "checksum": "245a7091d5320e1141ab19d9070f42d8"
        },
        {
          "type": "image",
          "assetId": "vuewnnEJRNkN",
          "checksum": "00cef3ee6a1f4b85d098bfbf1948363f"
        },
        {
          "type": "image",
          "assetId": "Mb5e_MgiYl-N",
          "checksum": "00091cb66969afc45b1f393ce89f291e"
        },
        {
          "type": "image",
          "assetId": "ZfxYd9-1eUqu",
          "checksum": "70a2cbb191c62528b18eaddd14e6ab76"
        },
        {
          "type": "image",
          "assetId": "YftizNf9hK_W",
          "checksum": "79fdc8fa86f9a5317f76debc56e11684"
        },
        {
          "type": "image",
          "assetId": "TkSoo-vUstYx",
          "checksum": "5754960fcff56f5654712536c5d25b67"
        },
        {
          "type": "image",
          "assetId": "5DtZvOoOkpgi",
          "checksum": "2f61dc0281caaed1746656fb1933f4eb"
        },
        {
          "type": "image",
          "assetId": "qHDVNkSbOsUP",
          "checksum": "098e02a89e70bf58d7d54978c40d90ca"
        },
        {
          "type": "image",
          "assetId": "WV53XyV7cSWA",
          "checksum": "67b198ff08fff4a5ff66cdbbce664cd4"
        },
        {
          "type": "image",
          "assetId": "FY6eADbpIUiq",
          "checksum": "da94e2f1d2a086cd0654a13e5c91b848"
        },
        {
          "type": "image",
          "assetId": "NBj9X9HJ81qf",
          "checksum": "558ca2a1dc0608d12aa80151ee8eedfa"
        },
        {
          "type": "image",
          "assetId": "eEG7dw4_6Y10",
          "checksum": "11a9aa0c6748974e3531bf7c7cce8e7c"
        },
        {
          "type": "image",
          "assetId": "dLCL4UPmPvYd",
          "checksum": "0020d6d956b8cd7ad0edafcfce5e2efe"
        },
        {
          "type": "image",
          "assetId": "_BBAXO3JPazu",
          "checksum": "3f71ab75fa9fdca052afe14af71dd920"
        }
      ],
      "codegenVersion": "0.0.1"
    }
  ],
  "cliVersion": "0.1.330"
}
